{
  "name": "node-docker-starter",
  "version": "1.0.6",
  "lockfileVersion": 3,
  "requires": true,
  "packages": {
    "": {
      "name": "node-docker-starter",
      "version": "1.0.6",
      "license": "ISC",
      "dependencies": {
        "node-docker-starter": "^1.0.0"
      },
      "bin": {
        "node-docker-starter": "index.js"
      }
    },
    "node_modules/node-docker-starter": {
      "version": "1.0.0",
      "resolved": "https://registry.npmjs.org/node-docker-starter/-/node-docker-starter-1.0.0.tgz",
      "integrity": "sha512-PuwuelWUQYI0ocvpKMbCTJDpSjG0DCXRjWHDRNI69ZRfMfZ+Tdd/PpfpY5ZHb/r/sRl4aexWoWdpVqtzPJqhgQ==",
      "bin": {
        "node-docker-starter": "index.js"
      }
    }
  }
}
